
Microsoft Visual Studio Solution File, Format Version 12.00
# Visual Studio Version 17
VisualStudioVersion = 17.4.33213.308
MinimumVisualStudioVersion = 10.0.40219.1
Project("{FAE04EC0-301F-11D3-BF4B-00C04F79EFBC}") = "PatronAdapter", "PatronAdapter.csproj", "{5C53FC2E-46FC-4E73-B38E-41D055436014}"
EndProject
Global
	GlobalSection(SolutionConfigurationPlatforms) = preSolution
		Debug|Any CPU = Debug|Any CPU
		Release|Any CPU = Release|Any CPU
	EndGlobalSection
	GlobalSection(ProjectConfigurationPlatforms) = postSolution
		{5C53FC2E-46FC-4E73-B38E-41D055436014}.Debug|Any CPU.ActiveCfg = Debug|Any CPU
		{5C53FC2E-46FC-4E73-B38E-41D055436014}.Debug|Any CPU.Build.0 = Debug|Any CPU
		{5C53FC2E-46FC-4E73-B38E-41D055436014}.Release|Any CPU.ActiveCfg = Release|Any CPU
		{5C53FC2E-46FC-4E73-B38E-41D055436014}.Release|Any CPU.Build.0 = Release|Any CPU
	EndGlobalSection
	GlobalSection(SolutionProperties) = preSolution
		HideSolutionNode = FALSE
	EndGlobalSection
	GlobalSection(ExtensibilityGlobals) = postSolution
		SolutionGuid = {8A6ECB50-7751-484E-9156-03393CB43B6F}
	EndGlobalSection
EndGlobal
